// !$*UTF8*$!
{
	archiveVersion = 1;
	classes = {
	};
	objectVersion = 55;
	objects = {

/* Begin PBXBuildFile section */
		912C3F5327FAC3BB00804693 /* ArticleUpdate.swift in Sources */ = {isa = PBXBuildFile; fileRef = 912C3F5227FAC3BB00804693 /* ArticleUpdate.swift */; };
		91A132FC27F3AFA3005FA0F0 /* FirebaseAuthUI in Frameworks */ = {isa = PBXBuildFile; productRef = 91A132FB27F3AFA3005FA0F0 /* FirebaseAuthUI */; };
		91A1330027F3AFA3005FA0F0 /* FirebaseEmailAuthUI in Frameworks */ = {isa = PBXBuildFile; productRef = 91A132FF27F3AFA3005FA0F0 /* FirebaseEmailAuthUI */; };
		91A1330727F3B362005FA0F0 /* FirebaseAuth in Frameworks */ = {isa = PBXBuildFile; productRef = 91A1330627F3B362005FA0F0 /* FirebaseAuth */; };
		91A1330B27F3B362005FA0F0 /* FirebaseFirestore in Frameworks */ = {isa = PBXBuildFile; productRef = 91A1330A27F3B362005FA0F0 /* FirebaseFirestore */; };
		91A1331527F3C561005FA0F0 /* GoogleService-Info.plist in Resources */ = {isa = PBXBuildFile; fileRef = 91A1331427F3C561005FA0F0 /* GoogleService-Info.plist */; };
		91A1331F27F3C7A4005FA0F0 /* BareBonesBlogTests.swift in Sources */ = {isa = PBXBuildFile; fileRef = 91A1331E27F3C7A4005FA0F0 /* BareBonesBlogTests.swift */; };
		91A1332C27F3C7BA005FA0F0 /* BareBonesBlogUITests.swift in Sources */ = {isa = PBXBuildFile; fileRef = 91A1332B27F3C7BA005FA0F0 /* BareBonesBlogUITests.swift */; };
		91A1332E27F3C7BA005FA0F0 /* BareBonesBlogUITestsLaunchTests.swift in Sources */ = {isa = PBXBuildFile; fileRef = 91A1332D27F3C7BA005FA0F0 /* BareBonesBlogUITestsLaunchTests.swift */; };
		91A1333427F3CD2E005FA0F0 /* BareBonesBlogTests.xctest in Resources */ = {isa = PBXBuildFile; fileRef = 91A1331C27F3C7A4005FA0F0 /* BareBonesBlogTests.xctest */; };
		91A1333527F3CD32005FA0F0 /* BareBonesBlogUITests.xctest in Resources */ = {isa = PBXBuildFile; fileRef = 91A1332927F3C7BA005FA0F0 /* BareBonesBlogUITests.xctest */; };
		91A1333727F79C2B005FA0F0 /* FirebaseStorage in Frameworks */ = {isa = PBXBuildFile; productRef = 91A1333627F79C2B005FA0F0 /* FirebaseStorage */; };
		91A1333B27FA9AF2005FA0F0 /* HomePage.swift in Sources */ = {isa = PBXBuildFile; fileRef = 91A1333A27FA9AF2005FA0F0 /* HomePage.swift */; };
		F73167BD27E0600800BF3A7A /* BareBonesBlogArticle.swift in Sources */ = {isa = PBXBuildFile; fileRef = F73167BC27E0600800BF3A7A /* BareBonesBlogArticle.swift */; };
		F757398E27DEA80F00D35F63 /* BareBonesBlogApp.swift in Sources */ = {isa = PBXBuildFile; fileRef = F757398D27DEA80F00D35F63 /* BareBonesBlogApp.swift */; };
		F757399027DEA80F00D35F63 /* ContentView.swift in Sources */ = {isa = PBXBuildFile; fileRef = F757398F27DEA80F00D35F63 /* ContentView.swift */; };
		F757399227DEA81000D35F63 /* Assets.xcassets in Resources */ = {isa = PBXBuildFile; fileRef = F757399127DEA81000D35F63 /* Assets.xcassets */; };
		F757399527DEA81000D35F63 /* Preview Assets.xcassets in Resources */ = {isa = PBXBuildFile; fileRef = F757399427DEA81000D35F63 /* Preview Assets.xcassets */; };
		F75739C127DEAE6600D35F63 /* BareBonesBlogAppDelegate.swift in Sources */ = {isa = PBXBuildFile; fileRef = F75739C027DEAE6600D35F63 /* BareBonesBlogAppDelegate.swift */; };
		F75739C527DEB64D00D35F63 /* BareBonesBlogAuth.swift in Sources */ = {isa = PBXBuildFile; fileRef = F75739C427DEB64D00D35F63 /* BareBonesBlogAuth.swift */; };
		F75739D127DECAE800D35F63 /* AuthenticationViewController.swift in Sources */ = {isa = PBXBuildFile; fileRef = F75739D027DECAE800D35F63 /* AuthenticationViewController.swift */; };
		F75739D627DF0A2D00D35F63 /* ArticleDetail.swift in Sources */ = {isa = PBXBuildFile; fileRef = F75739D527DF0A2D00D35F63 /* ArticleDetail.swift */; };
		F75739DB27DF0AA800D35F63 /* Article.swift in Sources */ = {isa = PBXBuildFile; fileRef = F75739DA27DF0AA800D35F63 /* Article.swift */; };
		F75739DF27DF0F3C00D35F63 /* ArticleList.swift in Sources */ = {isa = PBXBuildFile; fileRef = F75739DE27DF0F3C00D35F63 /* ArticleList.swift */; };
		F75739EC27DF1B5100D35F63 /* ArticleEntry.swift in Sources */ = {isa = PBXBuildFile; fileRef = F75739EB27DF1B5100D35F63 /* ArticleEntry.swift */; };
		F75739F027DF24F000D35F63 /* Blog.swift in Sources */ = {isa = PBXBuildFile; fileRef = F75739EF27DF24F000D35F63 /* Blog.swift */; };
		F7EC064027DFF7C600DF6495 /* ArticleMetadata.swift in Sources */ = {isa = PBXBuildFile; fileRef = F7EC063F27DFF7C600DF6495 /* ArticleMetadata.swift */; };
/* End PBXBuildFile section */

/* Begin PBXContainerItemProxy section */
		91A1332027F3C7A4005FA0F0 /* PBXContainerItemProxy */ = {
			isa = PBXContainerItemProxy;
			containerPortal = F757398227DEA80F00D35F63 /* Project object */;
			proxyType = 1;
			remoteGlobalIDString = F757398927DEA80F00D35F63;
			remoteInfo = BareBonesBlog;
		};
		91A1332F27F3C7BA005FA0F0 /* PBXContainerItemProxy */ = {
			isa = PBXContainerItemProxy;
			containerPortal = F757398227DEA80F00D35F63 /* Project object */;
			proxyType = 1;
			remoteGlobalIDString = F757398927DEA80F00D35F63;
			remoteInfo = BareBonesBlog;
		};
/* End PBXContainerItemProxy section */

/* Begin PBXFileReference section */
		912C3F5227FAC3BB00804693 /* ArticleUpdate.swift */ = {isa = PBXFileReference; fileEncoding = 4; lastKnownFileType = sourcecode.swift; path = ArticleUpdate.swift; sourceTree = "<group>"; };
		91A1331427F3C561005FA0F0 /* GoogleService-Info.plist */ = {isa = PBXFileReference; fileEncoding = 4; lastKnownFileType = text.plist.xml; path = "GoogleService-Info.plist"; sourceTree = "<group>"; };
		91A1331C27F3C7A4005FA0F0 /* BareBonesBlogTests.xctest */ = {isa = PBXFileReference; explicitFileType = wrapper.cfbundle; includeInIndex = 0; path = BareBonesBlogTests.xctest; sourceTree = BUILT_PRODUCTS_DIR; };
		91A1331E27F3C7A4005FA0F0 /* BareBonesBlogTests.swift */ = {isa = PBXFileReference; lastKnownFileType = sourcecode.swift; path = BareBonesBlogTests.swift; sourceTree = "<group>"; };
		91A1332927F3C7BA005FA0F0 /* BareBonesBlogUITests.xctest */ = {isa = PBXFileReference; explicitFileType = wrapper.cfbundle; includeInIndex = 0; path = BareBonesBlogUITests.xctest; sourceTree = BUILT_PRODUCTS_DIR; };
		91A1332B27F3C7BA005FA0F0 /* BareBonesBlogUITests.swift */ = {isa = PBXFileReference; lastKnownFileType = sourcecode.swift; path = BareBonesBlogUITests.swift; sourceTree = "<group>"; };
		91A1332D27F3C7BA005FA0F0 /* BareBonesBlogUITestsLaunchTests.swift */ = {isa = PBXFileReference; lastKnownFileType = sourcecode.swift; path = BareBonesBlogUITestsLaunchTests.swift; sourceTree = "<group>"; };
		91A1333A27FA9AF2005FA0F0 /* HomePage.swift */ = {isa = PBXFileReference; lastKnownFileType = sourcecode.swift; path = HomePage.swift; sourceTree = "<group>"; };
		F73167BC27E0600800BF3A7A /* BareBonesBlogArticle.swift */ = {isa = PBXFileReference; lastKnownFileType = sourcecode.swift; path = BareBonesBlogArticle.swift; sourceTree = "<group>"; };
		F757398A27DEA80F00D35F63 /* BareBonesBlog.app */ = {isa = PBXFileReference; explicitFileType = wrapper.application; includeInIndex = 0; path = BareBonesBlog.app; sourceTree = BUILT_PRODUCTS_DIR; };
		F757398D27DEA80F00D35F63 /* BareBonesBlogApp.swift */ = {isa = PBXFileReference; lastKnownFileType = sourcecode.swift; path = BareBonesBlogApp.swift; sourceTree = "<group>"; };
		F757398F27DEA80F00D35F63 /* ContentView.swift */ = {isa = PBXFileReference; lastKnownFileType = sourcecode.swift; path = ContentView.swift; sourceTree = "<group>"; };
		F757399127DEA81000D35F63 /* Assets.xcassets */ = {isa = PBXFileReference; lastKnownFileType = folder.assetcatalog; path = Assets.xcassets; sourceTree = "<group>"; };
		F757399427DEA81000D35F63 /* Preview Assets.xcassets */ = {isa = PBXFileReference; lastKnownFileType = folder.assetcatalog; path = "Preview Assets.xcassets"; sourceTree = "<group>"; };
		F75739C027DEAE6600D35F63 /* BareBonesBlogAppDelegate.swift */ = {isa = PBXFileReference; lastKnownFileType = sourcecode.swift; path = BareBonesBlogAppDelegate.swift; sourceTree = "<group>"; };
		F75739C427DEB64D00D35F63 /* BareBonesBlogAuth.swift */ = {isa = PBXFileReference; lastKnownFileType = sourcecode.swift; path = BareBonesBlogAuth.swift; sourceTree = "<group>"; };
		F75739D027DECAE800D35F63 /* AuthenticationViewController.swift */ = {isa = PBXFileReference; lastKnownFileType = sourcecode.swift; path = AuthenticationViewController.swift; sourceTree = "<group>"; };
		F75739D527DF0A2D00D35F63 /* ArticleDetail.swift */ = {isa = PBXFileReference; lastKnownFileType = sourcecode.swift; path = ArticleDetail.swift; sourceTree = "<group>"; };
		F75739DA27DF0AA800D35F63 /* Article.swift */ = {isa = PBXFileReference; lastKnownFileType = sourcecode.swift; path = Article.swift; sourceTree = "<group>"; };
		F75739DE27DF0F3C00D35F63 /* ArticleList.swift */ = {isa = PBXFileReference; lastKnownFileType = sourcecode.swift; path = ArticleList.swift; sourceTree = "<group>"; };
		F75739EB27DF1B5100D35F63 /* ArticleEntry.swift */ = {isa = PBXFileReference; lastKnownFileType = sourcecode.swift; path = ArticleEntry.swift; sourceTree = "<group>"; };
		F75739EF27DF24F000D35F63 /* Blog.swift */ = {isa = PBXFileReference; lastKnownFileType = sourcecode.swift; path = Blog.swift; sourceTree = "<group>"; };
		F7EC063F27DFF7C600DF6495 /* ArticleMetadata.swift */ = {isa = PBXFileReference; lastKnownFileType = sourcecode.swift; path = ArticleMetadata.swift; sourceTree = "<group>"; };
/* End PBXFileReference section */

/* Begin PBXFrameworksBuildPhase section */
		91A1331927F3C7A4005FA0F0 /* Frameworks */ = {
			isa = PBXFrameworksBuildPhase;
			buildActionMask = 2147483647;
			files = (
			);
			runOnlyForDeploymentPostprocessing = 0;
		};
		91A1332627F3C7BA005FA0F0 /* Frameworks */ = {
			isa = PBXFrameworksBuildPhase;
			buildActionMask = 2147483647;
			files = (
			);
			runOnlyForDeploymentPostprocessing = 0;
		};
		F757398727DEA80F00D35F63 /* Frameworks */ = {
			isa = PBXFrameworksBuildPhase;
			buildActionMask = 2147483647;
			files = (
				91A1330727F3B362005FA0F0 /* FirebaseAuth in Frameworks */,
				91A132FC27F3AFA3005FA0F0 /* FirebaseAuthUI in Frameworks */,
				91A1330027F3AFA3005FA0F0 /* FirebaseEmailAuthUI in Frameworks */,
				91A1333727F79C2B005FA0F0 /* FirebaseStorage in Frameworks */,
				91A1330B27F3B362005FA0F0 /* FirebaseFirestore in Frameworks */,
			);
			runOnlyForDeploymentPostprocessing = 0;
		};
/* End PBXFrameworksBuildPhase section */

/* Begin PBXGroup section */
		91A1331D27F3C7A4005FA0F0 /* BareBonesBlogTests */ = {
			isa = PBXGroup;
			children = (
				91A1331E27F3C7A4005FA0F0 /* BareBonesBlogTests.swift */,
			);
			path = BareBonesBlogTests;
			sourceTree = "<group>";
		};
		91A1332A27F3C7BA005FA0F0 /* BareBonesBlogUITests */ = {
			isa = PBXGroup;
			children = (
				91A1332B27F3C7BA005FA0F0 /* BareBonesBlogUITests.swift */,
				91A1332D27F3C7BA005FA0F0 /* BareBonesBlogUITestsLaunchTests.swift */,
			);
			path = BareBonesBlogUITests;
			sourceTree = "<group>";
		};
		F757398127DEA80F00D35F63 = {
			isa = PBXGroup;
			children = (
				91A1331427F3C561005FA0F0 /* GoogleService-Info.plist */,
				F757398C27DEA80F00D35F63 /* BareBonesBlog */,
				91A1331D27F3C7A4005FA0F0 /* BareBonesBlogTests */,
				91A1332A27F3C7BA005FA0F0 /* BareBonesBlogUITests */,
				F757398B27DEA80F00D35F63 /* Products */,
				F75739CD27DEBF2400D35F63 /* Frameworks */,
			);
			sourceTree = "<group>";
		};
		F757398B27DEA80F00D35F63 /* Products */ = {
			isa = PBXGroup;
			children = (
				F757398A27DEA80F00D35F63 /* BareBonesBlog.app */,
				91A1331C27F3C7A4005FA0F0 /* BareBonesBlogTests.xctest */,
				91A1332927F3C7BA005FA0F0 /* BareBonesBlogUITests.xctest */,
			);
			name = Products;
			sourceTree = "<group>";
		};
		F757398C27DEA80F00D35F63 /* BareBonesBlog */ = {
			isa = PBXGroup;
			children = (
				F75739EA27DF1ADA00D35F63 /* Service */,
				F75739D927DF0A8900D35F63 /* Model */,
				F75739D427DF09D200D35F63 /* View */,
				F757398D27DEA80F00D35F63 /* BareBonesBlogApp.swift */,
				F75739C027DEAE6600D35F63 /* BareBonesBlogAppDelegate.swift */,
				F757399127DEA81000D35F63 /* Assets.xcassets */,
				F757399327DEA81000D35F63 /* Preview Content */,
			);
			path = BareBonesBlog;
			sourceTree = "<group>";
		};
		F757399327DEA81000D35F63 /* Preview Content */ = {
			isa = PBXGroup;
			children = (
				F757399427DEA81000D35F63 /* Preview Assets.xcassets */,
			);
			path = "Preview Content";
			sourceTree = "<group>";
		};
		F75739CD27DEBF2400D35F63 /* Frameworks */ = {
			isa = PBXGroup;
			children = (
			);
			name = Frameworks;
			sourceTree = "<group>";
		};
		F75739D427DF09D200D35F63 /* View */ = {
			isa = PBXGroup;
			children = (
				F757398F27DEA80F00D35F63 /* ContentView.swift */,
				91A1333A27FA9AF2005FA0F0 /* HomePage.swift */,
				F75739DE27DF0F3C00D35F63 /* ArticleList.swift */,
				F75739D527DF0A2D00D35F63 /* ArticleDetail.swift */,
				F75739EB27DF1B5100D35F63 /* ArticleEntry.swift */,
				912C3F5227FAC3BB00804693 /* ArticleUpdate.swift */,
				F7EC063F27DFF7C600DF6495 /* ArticleMetadata.swift */,
				F75739D027DECAE800D35F63 /* AuthenticationViewController.swift */,
				F75739EF27DF24F000D35F63 /* Blog.swift */,
			);
			path = View;
			sourceTree = "<group>";
		};
		F75739D927DF0A8900D35F63 /* Model */ = {
			isa = PBXGroup;
			children = (
				F75739DA27DF0AA800D35F63 /* Article.swift */,
			);
			path = Model;
			sourceTree = "<group>";
		};
		F75739EA27DF1ADA00D35F63 /* Service */ = {
			isa = PBXGroup;
			children = (
				F75739C427DEB64D00D35F63 /* BareBonesBlogAuth.swift */,
				F73167BC27E0600800BF3A7A /* BareBonesBlogArticle.swift */,
			);
			path = Service;
			sourceTree = "<group>";
		};
/* End PBXGroup section */

/* Begin PBXNativeTarget section */
		91A1331B27F3C7A4005FA0F0 /* BareBonesBlogTests */ = {
			isa = PBXNativeTarget;
			buildConfigurationList = 91A1332227F3C7A4005FA0F0 /* Build configuration list for PBXNativeTarget "BareBonesBlogTests" */;
			buildPhases = (
				91A1331827F3C7A4005FA0F0 /* Sources */,
				91A1331927F3C7A4005FA0F0 /* Frameworks */,
				91A1331A27F3C7A4005FA0F0 /* Resources */,
			);
			buildRules = (
			);
			dependencies = (
				91A1332127F3C7A4005FA0F0 /* PBXTargetDependency */,
			);
			name = BareBonesBlogTests;
			productName = BareBonesBlogTests;
			productReference = 91A1331C27F3C7A4005FA0F0 /* BareBonesBlogTests.xctest */;
			productType = "com.apple.product-type.bundle.unit-test";
		};
		91A1332827F3C7BA005FA0F0 /* BareBonesBlogUITests */ = {
			isa = PBXNativeTarget;
			buildConfigurationList = 91A1333127F3C7BA005FA0F0 /* Build configuration list for PBXNativeTarget "BareBonesBlogUITests" */;
			buildPhases = (
				91A1332527F3C7BA005FA0F0 /* Sources */,
				91A1332627F3C7BA005FA0F0 /* Frameworks */,
				91A1332727F3C7BA005FA0F0 /* Resources */,
			);
			buildRules = (
			);
			dependencies = (
				91A1333027F3C7BA005FA0F0 /* PBXTargetDependency */,
			);
			name = BareBonesBlogUITests;
			productName = BareBonesBlogUITests;
			productReference = 91A1332927F3C7BA005FA0F0 /* BareBonesBlogUITests.xctest */;
			productType = "com.apple.product-type.bundle.ui-testing";
		};
		F757398927DEA80F00D35F63 /* BareBonesBlog */ = {
			isa = PBXNativeTarget;
			buildConfigurationList = F75739AE27DEA81100D35F63 /* Build configuration list for PBXNativeTarget "BareBonesBlog" */;
			buildPhases = (
				F757398627DEA80F00D35F63 /* Sources */,
				F757398727DEA80F00D35F63 /* Frameworks */,
				F757398827DEA80F00D35F63 /* Resources */,
			);
			buildRules = (
			);
			dependencies = (
			);
			name = BareBonesBlog;
			packageProductDependencies = (
				91A132FB27F3AFA3005FA0F0 /* FirebaseAuthUI */,
				91A132FF27F3AFA3005FA0F0 /* FirebaseEmailAuthUI */,
				91A1330627F3B362005FA0F0 /* FirebaseAuth */,
				91A1330A27F3B362005FA0F0 /* FirebaseFirestore */,
				91A1333627F79C2B005FA0F0 /* FirebaseStorage */,
			);
			productName = BareBonesBlog;
			productReference = F757398A27DEA80F00D35F63 /* BareBonesBlog.app */;
			productType = "com.apple.product-type.application";
		};
/* End PBXNativeTarget section */

/* Begin PBXProject section */
		F757398227DEA80F00D35F63 /* Project object */ = {
			isa = PBXProject;
			attributes = {
				BuildIndependentTargetsInParallel = 1;
				LastSwiftUpdateCheck = 1320;
				LastUpgradeCheck = 1320;
				TargetAttributes = {
					91A1331B27F3C7A4005FA0F0 = {
						CreatedOnToolsVersion = 13.2.1;
						TestTargetID = F757398927DEA80F00D35F63;
					};
					91A1332827F3C7BA005FA0F0 = {
						CreatedOnToolsVersion = 13.2.1;
						TestTargetID = F757398927DEA80F00D35F63;
					};
					F757398927DEA80F00D35F63 = {
						CreatedOnToolsVersion = 13.2.1;
					};
				};
			};
			buildConfigurationList = F757398527DEA80F00D35F63 /* Build configuration list for PBXProject "BareBonesBlog" */;
			compatibilityVersion = "Xcode 13.0";
			developmentRegion = en;
			hasScannedForEncodings = 0;
			knownRegions = (
				en,
				Base,
			);
			mainGroup = F757398127DEA80F00D35F63;
			packageReferences = (
				91A132FA27F3AFA2005FA0F0 /* XCRemoteSwiftPackageReference "FirebaseUI-iOS" */,
				91A1330527F3B362005FA0F0 /* XCRemoteSwiftPackageReference "firebase-ios-sdk" */,
			);
			productRefGroup = F757398B27DEA80F00D35F63 /* Products */;
			projectDirPath = "";
			projectRoot = "";
			targets = (
				F757398927DEA80F00D35F63 /* BareBonesBlog */,
				91A1331B27F3C7A4005FA0F0 /* BareBonesBlogTests */,
				91A1332827F3C7BA005FA0F0 /* BareBonesBlogUITests */,
			);
		};
/* End PBXProject section */

/* Begin PBXResourcesBuildPhase section */
		91A1331A27F3C7A4005FA0F0 /* Resources */ = {
			isa = PBXResourcesBuildPhase;
			buildActionMask = 2147483647;
			files = (
				91A1333427F3CD2E005FA0F0 /* BareBonesBlogTests.xctest in Resources */,
			);
			runOnlyForDeploymentPostprocessing = 0;
		};
		91A1332727F3C7BA005FA0F0 /* Resources */ = {
			isa = PBXResourcesBuildPhase;
			buildActionMask = 2147483647;
			files = (
				91A1333527F3CD32005FA0F0 /* BareBonesBlogUITests.xctest in Resources */,
			);
			runOnlyForDeploymentPostprocessing = 0;
		};
		F757398827DEA80F00D35F63 /* Resources */ = {
			isa = PBXResourcesBuildPhase;
			buildActionMask = 2147483647;
			files = (
				F757399527DEA81000D35F63 /* Preview Assets.xcassets in Resources */,
				91A1331527F3C561005FA0F0 /* GoogleService-Info.plist in Resources */,
				F757399227DEA81000D35F63 /* Assets.xcassets in Resources */,
			);
			runOnlyForDeploymentPostprocessing = 0;
		};
/* End PBXResourcesBuildPhase section */

/* Begin PBXSourcesBuildPhase section */
		91A1331827F3C7A4005FA0F0 /* Sources */ = {
			isa = PBXSourcesBuildPhase;
			buildActionMask = 2147483647;
			files = (
				91A1331F27F3C7A4005FA0F0 /* BareBonesBlogTests.swift in Sources */,
			);
			runOnlyForDeploymentPostprocessing = 0;
		};
		91A1332527F3C7BA005FA0F0 /* Sources */ = {
			isa = PBXSourcesBuildPhase;
			buildActionMask = 2147483647;
			files = (
				91A1332E27F3C7BA005FA0F0 /* BareBonesBlogUITestsLaunchTests.swift in Sources */,
				91A1332C27F3C7BA005FA0F0 /* BareBonesBlogUITests.swift in Sources */,
			);
			runOnlyForDeploymentPostprocessing = 0;
		};
		F757398627DEA80F00D35F63 /* Sources */ = {
			isa = PBXSourcesBuildPhase;
			buildActionMask = 2147483647;
			files = (
				F75739DB27DF0AA800D35F63 /* Article.swift in Sources */,
				F75739C127DEAE6600D35F63 /* BareBonesBlogAppDelegate.swift in Sources */,
				F75739D627DF0A2D00D35F63 /* ArticleDetail.swift in Sources */,
				F75739DF27DF0F3C00D35F63 /* ArticleList.swift in Sources */,
				F75739C527DEB64D00D35F63 /* BareBonesBlogAuth.swift in Sources */,
				912C3F5327FAC3BB00804693 /* ArticleUpdate.swift in Sources */,
				F7EC064027DFF7C600DF6495 /* ArticleMetadata.swift in Sources */,
				91A1333B27FA9AF2005FA0F0 /* HomePage.swift in Sources */,
				F73167BD27E0600800BF3A7A /* BareBonesBlogArticle.swift in Sources */,
				F75739EC27DF1B5100D35F63 /* ArticleEntry.swift in Sources */,
				F757399027DEA80F00D35F63 /* ContentView.swift in Sources */,
				F75739F027DF24F000D35F63 /* Blog.swift in Sources */,
				F757398E27DEA80F00D35F63 /* BareBonesBlogApp.swift in Sources */,
				F75739D127DECAE800D35F63 /* AuthenticationViewController.swift in Sources */,
			);
			runOnlyForDeploymentPostprocessing = 0;
		};
/* End PBXSourcesBuildPhase section */

/* Begin PBXTargetDependency section */
		91A1332127F3C7A4005FA0F0 /* PBXTargetDependency */ = {
			isa = PBXTargetDependency;
			target = F757398927DEA80F00D35F63 /* BareBonesBlog */;
			targetProxy = 91A1332027F3C7A4005FA0F0 /* PBXContainerItemProxy */;
		};
		91A1333027F3C7BA005FA0F0 /* PBXTargetDependency */ = {
			isa = PBXTargetDependency;
			target = F757398927DEA80F00D35F63 /* BareBonesBlog */;
			targetProxy = 91A1332F27F3C7BA005FA0F0 /* PBXContainerItemProxy */;
		};
/* End PBXTargetDependency section */

/* Begin XCBuildConfiguration section */
		91A1332327F3C7A4005FA0F0 /* Debug */ = {
			isa = XCBuildConfiguration;
			buildSettings = {
				BUNDLE_LOADER = "$(TEST_HOST)";
				CODE_SIGN_STYLE = Automatic;
				CURRENT_PROJECT_VERSION = 1;
				GENERATE_INFOPLIST_FILE = YES;
				MARKETING_VERSION = 1.0;
				PRODUCT_BUNDLE_IDENTIFIER = lmu.BareBonesBlogTests;
				PRODUCT_NAME = "$(TARGET_NAME)";
				SWIFT_EMIT_LOC_STRINGS = NO;
				SWIFT_VERSION = 5.0;
				TARGETED_DEVICE_FAMILY = "1,2";
				TEST_HOST = "$(BUILT_PRODUCTS_DIR)/BareBonesBlog.app/BareBonesBlog";
			};
			name = Debug;
		};
		91A1332427F3C7A4005FA0F0 /* Release */ = {
			isa = XCBuildConfiguration;
			buildSettings = {
				BUNDLE_LOADER = "$(TEST_HOST)";
				CODE_SIGN_STYLE = Automatic;
				CURRENT_PROJECT_VERSION = 1;
				GENERATE_INFOPLIST_FILE = YES;
				MARKETING_VERSION = 1.0;
				PRODUCT_BUNDLE_IDENTIFIER = lmu.BareBonesBlogTests;
				PRODUCT_NAME = "$(TARGET_NAME)";
				SWIFT_EMIT_LOC_STRINGS = NO;
				SWIFT_VERSION = 5.0;
				TARGETED_DEVICE_FAMILY = "1,2";
				TEST_HOST = "$(BUILT_PRODUCTS_DIR)/BareBonesBlog.app/BareBonesBlog";
			};
			name = Release;
		};
		91A1333227F3C7BA005FA0F0 /* Debug */ = {
			isa = XCBuildConfiguration;
			buildSettings = {
				CODE_SIGN_STYLE = Automatic;
				CURRENT_PROJECT_VERSION = 1;
				GENERATE_INFOPLIST_FILE = YES;
				MARKETING_VERSION = 1.0;
				PRODUCT_BUNDLE_IDENTIFIER = lmu.BareBonesBlogUITests;
				PRODUCT_NAME = "$(TARGET_NAME)";
				SWIFT_EMIT_LOC_STRINGS = NO;
				SWIFT_VERSION = 5.0;
				TARGETED_DEVICE_FAMILY = "1,2";
				TEST_TARGET_NAME = BareBonesBlog;
			};
			name = Debug;
		};
		91A1333327F3C7BA005FA0F0 /* Release */ = {
			isa = XCBuildConfiguration;
			buildSettings = {
				CODE_SIGN_STYLE = Automatic;
				CURRENT_PROJECT_VERSION = 1;
				GENERATE_INFOPLIST_FILE = YES;
				MARKETING_VERSION = 1.0;
				PRODUCT_BUNDLE_IDENTIFIER = lmu.BareBonesBlogUITests;
				PRODUCT_NAME = "$(TARGET_NAME)";
				SWIFT_EMIT_LOC_STRINGS = NO;
				SWIFT_VERSION = 5.0;
				TARGETED_DEVICE_FAMILY = "1,2";
				TEST_TARGET_NAME = BareBonesBlog;
			};
			name = Release;
		};
		F75739AC27DEA81100D35F63 /* Debug */ = {
			isa = XCBuildConfiguration;
			buildSettings = {
				ALWAYS_SEARCH_USER_PATHS = NO;
				CLANG_ANALYZER_NONNULL = YES;
				CLANG_ANALYZER_NUMBER_OBJECT_CONVERSION = YES_AGGRESSIVE;
				CLANG_CXX_LANGUAGE_STANDARD = "gnu++17";
				CLANG_CXX_LIBRARY = "libc++";
				CLANG_ENABLE_MODULES = YES;
				CLANG_ENABLE_OBJC_ARC = YES;
				CLANG_ENABLE_OBJC_WEAK = YES;
				CLANG_WARN_BLOCK_CAPTURE_AUTORELEASING = YES;
				CLANG_WARN_BOOL_CONVERSION = YES;
				CLANG_WARN_COMMA = YES;
				CLANG_WARN_CONSTANT_CONVERSION = YES;
				CLANG_WARN_DEPRECATED_OBJC_IMPLEMENTATIONS = YES;
				CLANG_WARN_DIRECT_OBJC_ISA_USAGE = YES_ERROR;
				CLANG_WARN_DOCUMENTATION_COMMENTS = YES;
				CLANG_WARN_EMPTY_BODY = YES;
				CLANG_WARN_ENUM_CONVERSION = YES;
				CLANG_WARN_INFINITE_RECURSION = YES;
				CLANG_WARN_INT_CONVERSION = YES;
				CLANG_WARN_NON_LITERAL_NULL_CONVERSION = YES;
				CLANG_WARN_OBJC_IMPLICIT_RETAIN_SELF = YES;
				CLANG_WARN_OBJC_LITERAL_CONVERSION = YES;
				CLANG_WARN_OBJC_ROOT_CLASS = YES_ERROR;
				CLANG_WARN_QUOTED_INCLUDE_IN_FRAMEWORK_HEADER = YES;
				CLANG_WARN_RANGE_LOOP_ANALYSIS = YES;
				CLANG_WARN_STRICT_PROTOTYPES = YES;
				CLANG_WARN_SUSPICIOUS_MOVE = YES;
				CLANG_WARN_UNGUARDED_AVAILABILITY = YES_AGGRESSIVE;
				CLANG_WARN_UNREACHABLE_CODE = YES;
				CLANG_WARN__DUPLICATE_METHOD_MATCH = YES;
				COPY_PHASE_STRIP = NO;
				DEBUG_INFORMATION_FORMAT = dwarf;
				ENABLE_STRICT_OBJC_MSGSEND = YES;
				ENABLE_TESTABILITY = YES;
				GCC_C_LANGUAGE_STANDARD = gnu11;
				GCC_DYNAMIC_NO_PIC = NO;
				GCC_NO_COMMON_BLOCKS = YES;
				GCC_OPTIMIZATION_LEVEL = 0;
				GCC_PREPROCESSOR_DEFINITIONS = (
					"DEBUG=1",
					"$(inherited)",
				);
				GCC_WARN_64_TO_32_BIT_CONVERSION = YES;
				GCC_WARN_ABOUT_RETURN_TYPE = YES_ERROR;
				GCC_WARN_UNDECLARED_SELECTOR = YES;
				GCC_WARN_UNINITIALIZED_AUTOS = YES_AGGRESSIVE;
				GCC_WARN_UNUSED_FUNCTION = YES;
				GCC_WARN_UNUSED_VARIABLE = YES;
				IPHONEOS_DEPLOYMENT_TARGET = 15.2;
				MTL_ENABLE_DEBUG_INFO = INCLUDE_SOURCE;
				MTL_FAST_MATH = YES;
				ONLY_ACTIVE_ARCH = YES;
				SDKROOT = iphoneos;
				SWIFT_ACTIVE_COMPILATION_CONDITIONS = DEBUG;
				SWIFT_OPTIMIZATION_LEVEL = "-Onone";
			};
			name = Debug;
		};
		F75739AD27DEA81100D35F63 /* Release */ = {
			isa = XCBuildConfiguration;
			buildSettings = {
				ALWAYS_SEARCH_USER_PATHS = NO;
				CLANG_ANALYZER_NONNULL = YES;
				CLANG_ANALYZER_NUMBER_OBJECT_CONVERSION = YES_AGGRESSIVE;
				CLANG_CXX_LANGUAGE_STANDARD = "gnu++17";
				CLANG_CXX_LIBRARY = "libc++";
				CLANG_ENABLE_MODULES = YES;
				CLANG_ENABLE_OBJC_ARC = YES;
				CLANG_ENABLE_OBJC_WEAK = YES;
				CLANG_WARN_BLOCK_CAPTURE_AUTORELEASING = YES;
				CLANG_WARN_BOOL_CONVERSION = YES;
				CLANG_WARN_COMMA = YES;
				CLANG_WARN_CONSTANT_CONVERSION = YES;
				CLANG_WARN_DEPRECATED_OBJC_IMPLEMENTATIONS = YES;
				CLANG_WARN_DIRECT_OBJC_ISA_USAGE = YES_ERROR;
				CLANG_WARN_DOCUMENTATION_COMMENTS = YES;
				CLANG_WARN_EMPTY_BODY = YES;
				CLANG_WARN_ENUM_CONVERSION = YES;
				CLANG_WARN_INFINITE_RECURSION = YES;
				CLANG_WARN_INT_CONVERSION = YES;
				CLANG_WARN_NON_LITERAL_NULL_CONVERSION = YES;
				CLANG_WARN_OBJC_IMPLICIT_RETAIN_SELF = YES;
				CLANG_WARN_OBJC_LITERAL_CONVERSION = YES;
				CLANG_WARN_OBJC_ROOT_CLASS = YES_ERROR;
				CLANG_WARN_QUOTED_INCLUDE_IN_FRAMEWORK_HEADER = YES;
				CLANG_WARN_RANGE_LOOP_ANALYSIS = YES;
				CLANG_WARN_STRICT_PROTOTYPES = YES;
				CLANG_WARN_SUSPICIOUS_MOVE = YES;
				CLANG_WARN_UNGUARDED_AVAILABILITY = YES_AGGRESSIVE;
				CLANG_WARN_UNREACHABLE_CODE = YES;
				CLANG_WARN__DUPLICATE_METHOD_MATCH = YES;
				COPY_PHASE_STRIP = NO;
				DEBUG_INFORMATION_FORMAT = "dwarf-with-dsym";
				ENABLE_NS_ASSERTIONS = NO;
				ENABLE_STRICT_OBJC_MSGSEND = YES;
				GCC_C_LANGUAGE_STANDARD = gnu11;
				GCC_NO_COMMON_BLOCKS = YES;
				GCC_WARN_64_TO_32_BIT_CONVERSION = YES;
				GCC_WARN_ABOUT_RETURN_TYPE = YES_ERROR;
				GCC_WARN_UNDECLARED_SELECTOR = YES;
				GCC_WARN_UNINITIALIZED_AUTOS = YES_AGGRESSIVE;
				GCC_WARN_UNUSED_FUNCTION = YES;
				GCC_WARN_UNUSED_VARIABLE = YES;
				IPHONEOS_DEPLOYMENT_TARGET = 15.2;
				MTL_ENABLE_DEBUG_INFO = NO;
				MTL_FAST_MATH = YES;
				SDKROOT = iphoneos;
				SWIFT_COMPILATION_MODE = wholemodule;
				SWIFT_OPTIMIZATION_LEVEL = "-O";
				VALIDATE_PRODUCT = YES;
			};
			name = Release;
		};
		F75739AF27DEA81100D35F63 /* Debug */ = {
			isa = XCBuildConfiguration;
			buildSettings = {
				ASSETCATALOG_COMPILER_APPICON_NAME = AppIcon;
				ASSETCATALOG_COMPILER_GLOBAL_ACCENT_COLOR_NAME = AccentColor;
				CODE_SIGN_STYLE = Automatic;
				CURRENT_PROJECT_VERSION = 1;
				DEVELOPMENT_ASSET_PATHS = "\"BareBonesBlog/Preview Content\"";
				DEVELOPMENT_TEAM = "";
				ENABLE_PREVIEWS = YES;
				GENERATE_INFOPLIST_FILE = YES;
				INFOPLIST_KEY_UIApplicationSceneManifest_Generation = YES;
				INFOPLIST_KEY_UIApplicationSupportsIndirectInputEvents = YES;
				INFOPLIST_KEY_UILaunchScreen_Generation = YES;
				INFOPLIST_KEY_UISupportedInterfaceOrientations_iPad = "UIInterfaceOrientationPortrait UIInterfaceOrientationPortraitUpsideDown UIInterfaceOrientationLandscapeLeft UIInterfaceOrientationLandscapeRight";
				INFOPLIST_KEY_UISupportedInterfaceOrientations_iPhone = "UIInterfaceOrientationPortrait UIInterfaceOrientationLandscapeLeft UIInterfaceOrientationLandscapeRight";
				LD_RUNPATH_SEARCH_PATHS = (
					"$(inherited)",
					"@executable_path/Frameworks",
				);
				MARKETING_VERSION = 1.0;
				PRODUCT_BUNDLE_IDENTIFIER = edu.lmu.BareBonesBlogEylulSebastian;
				PRODUCT_NAME = "$(TARGET_NAME)";
				SWIFT_EMIT_LOC_STRINGS = YES;
				SWIFT_VERSION = 5.0;
				TARGETED_DEVICE_FAMILY = "1,2";
			};
			name = Debug;
		};
		F75739B027DEA81100D35F63 /* Release */ = {
			isa = XCBuildConfiguration;
			buildSettings = {
				ASSETCATALOG_COMPILER_APPICON_NAME = AppIcon;
				ASSETCATALOG_COMPILER_GLOBAL_ACCENT_COLOR_NAME = AccentColor;
				CODE_SIGN_STYLE = Automatic;
				CURRENT_PROJECT_VERSION = 1;
				DEVELOPMENT_ASSET_PATHS = "\"BareBonesBlog/Preview Content\"";
				DEVELOPMENT_TEAM = "";
				ENABLE_PREVIEWS = YES;
				GENERATE_INFOPLIST_FILE = YES;
				INFOPLIST_KEY_UIApplicationSceneManifest_Generation = YES;
				INFOPLIST_KEY_UIApplicationSupportsIndirectInputEvents = YES;
				INFOPLIST_KEY_UILaunchScreen_Generation = YES;
				INFOPLIST_KEY_UISupportedInterfaceOrientations_iPad = "UIInterfaceOrientationPortrait UIInterfaceOrientationPortraitUpsideDown UIInterfaceOrientationLandscapeLeft UIInterfaceOrientationLandscapeRight";
				INFOPLIST_KEY_UISupportedInterfaceOrientations_iPhone = "UIInterfaceOrientationPortrait UIInterfaceOrientationLandscapeLeft UIInterfaceOrientationLandscapeRight";
				LD_RUNPATH_SEARCH_PATHS = (
					"$(inherited)",
					"@executable_path/Frameworks",
				);
				MARKETING_VERSION = 1.0;
				PRODUCT_BUNDLE_IDENTIFIER = edu.lmu.BareBonesBlogEylulSebastian;
				PRODUCT_NAME = "$(TARGET_NAME)";
				SWIFT_EMIT_LOC_STRINGS = YES;
				SWIFT_VERSION = 5.0;
				TARGETED_DEVICE_FAMILY = "1,2";
			};
			name = Release;
		};
/* End XCBuildConfiguration section */

/* Begin XCConfigurationList section */
		91A1332227F3C7A4005FA0F0 /* Build configuration list for PBXNativeTarget "BareBonesBlogTests" */ = {
			isa = XCConfigurationList;
			buildConfigurations = (
				91A1332327F3C7A4005FA0F0 /* Debug */,
				91A1332427F3C7A4005FA0F0 /* Release */,
			);
			defaultConfigurationIsVisible = 0;
			defaultConfigurationName = Release;
		};
		91A1333127F3C7BA005FA0F0 /* Build configuration list for PBXNativeTarget "BareBonesBlogUITests" */ = {
			isa = XCConfigurationList;
			buildConfigurations = (
				91A1333227F3C7BA005FA0F0 /* Debug */,
				91A1333327F3C7BA005FA0F0 /* Release */,
			);
			defaultConfigurationIsVisible = 0;
			defaultConfigurationName = Release;
		};
		F757398527DEA80F00D35F63 /* Build configuration list for PBXProject "BareBonesBlog" */ = {
			isa = XCConfigurationList;
			buildConfigurations = (
				F75739AC27DEA81100D35F63 /* Debug */,
				F75739AD27DEA81100D35F63 /* Release */,
			);
			defaultConfigurationIsVisible = 0;
			defaultConfigurationName = Release;
		};
		F75739AE27DEA81100D35F63 /* Build configuration list for PBXNativeTarget "BareBonesBlog" */ = {
			isa = XCConfigurationList;
			buildConfigurations = (
				F75739AF27DEA81100D35F63 /* Debug */,
				F75739B027DEA81100D35F63 /* Release */,
			);
			defaultConfigurationIsVisible = 0;
			defaultConfigurationName = Release;
		};
/* End XCConfigurationList section */

/* Begin XCRemoteSwiftPackageReference section */
		91A132FA27F3AFA2005FA0F0 /* XCRemoteSwiftPackageReference "FirebaseUI-iOS" */ = {
			isa = XCRemoteSwiftPackageReference;
			repositoryURL = "https://github.com/firebase/FirebaseUI-iOS.git";
			requirement = {
				kind = upToNextMajorVersion;
				minimumVersion = 12.1.1;
			};
		};
		91A1330527F3B362005FA0F0 /* XCRemoteSwiftPackageReference "firebase-ios-sdk" */ = {
			isa = XCRemoteSwiftPackageReference;
			repositoryURL = "https://github.com/firebase/firebase-ios-sdk";
			requirement = {
				kind = upToNextMajorVersion;
				minimumVersion = 8.10.0;
			};
		};
/* End XCRemoteSwiftPackageReference section */

/* Begin XCSwiftPackageProductDependency section */
		91A132FB27F3AFA3005FA0F0 /* FirebaseAuthUI */ = {
			isa = XCSwiftPackageProductDependency;
			package = 91A132FA27F3AFA2005FA0F0 /* XCRemoteSwiftPackageReference "FirebaseUI-iOS" */;
			productName = FirebaseAuthUI;
		};
		91A132FF27F3AFA3005FA0F0 /* FirebaseEmailAuthUI */ = {
			isa = XCSwiftPackageProductDependency;
			package = 91A132FA27F3AFA2005FA0F0 /* XCRemoteSwiftPackageReference "FirebaseUI-iOS" */;
			productName = FirebaseEmailAuthUI;
		};
		91A1330627F3B362005FA0F0 /* FirebaseAuth */ = {
			isa = XCSwiftPackageProductDependency;
			package = 91A1330527F3B362005FA0F0 /* XCRemoteSwiftPackageReference "firebase-ios-sdk" */;
			productName = FirebaseAuth;
		};
		91A1330A27F3B362005FA0F0 /* FirebaseFirestore */ = {
			isa = XCSwiftPackageProductDependency;
			package = 91A1330527F3B362005FA0F0 /* XCRemoteSwiftPackageReference "firebase-ios-sdk" */;
			productName = FirebaseFirestore;
		};
		91A1333627F79C2B005FA0F0 /* FirebaseStorage */ = {
			isa = XCSwiftPackageProductDependency;
			package = 91A1330527F3B362005FA0F0 /* XCRemoteSwiftPackageReference "firebase-ios-sdk" */;
			productName = FirebaseStorage;
		};
/* End XCSwiftPackageProductDependency section */
	};
	rootObject = F757398227DEA80F00D35F63 /* Project object */;
}
